
Microsoft Visual Studio Solution File, Format Version 12.00
# Visual Studio Version 16
VisualStudioVersion = 16.0.31515.178
MinimumVisualStudioVersion = 10.0.40219.1
Project("{9A19103F-16F7-4668-BE54-9A1E7A4F7556}") = "FVO.Customer.API", "FVO.Customer.API\FVO.Customer.API.csproj", "{070663E2-28B2-4880-8AE7-202D56D803DB}"
EndProject
Global
	GlobalSection(SolutionConfigurationPlatforms) = preSolution
		Debug|Any CPU = Debug|Any CPU
		Release|Any CPU = Release|Any CPU
	EndGlobalSection
	GlobalSection(ProjectConfigurationPlatforms) = postSolution
		{070663E2-28B2-4880-8AE7-202D56D803DB}.Debug|Any CPU.ActiveCfg = Debug|Any CPU
		{070663E2-28B2-4880-8AE7-202D56D803DB}.Debug|Any CPU.Build.0 = Debug|Any CPU
		{070663E2-28B2-4880-8AE7-202D56D803DB}.Release|Any CPU.ActiveCfg = Release|Any CPU
		{070663E2-28B2-4880-8AE7-202D56D803DB}.Release|Any CPU.Build.0 = Release|Any CPU
	EndGlobalSection
	GlobalSection(SolutionProperties) = preSolution
		HideSolutionNode = FALSE
	EndGlobalSection
	GlobalSection(ExtensibilityGlobals) = postSolution
		SolutionGuid = {0C49BC61-5F6E-4F45-8B66-A1ED9C49D32D}
	EndGlobalSection
EndGlobal
